
Microsoft Visual Studio Solution File, Format Version 12.00
# Visual Studio 15
VisualStudioVersion = 15.0.28010.2026
MinimumVisualStudioVersion = 10.0.40219.1
Project("{FAE04EC0-301F-11D3-BF4B-00C04F79EFBC}") = "SudokuSolver", "SudokuSolver.csproj", "{3F63A817-D6CC-44D5-91C6-57435770789D}"
EndProject
Project("{FAE04EC0-301F-11D3-BF4B-00C04F79EFBC}") = "SudokuBoardTest", "SudokuBoardTest\SudokuBoardTest.csproj", "{589A269E-EDE7-4D90-B379-AC30764EBB5D}"
EndProject
Global
	GlobalSection(SolutionConfigurationPlatforms) = preSolution
		Debug|Any CPU = Debug|Any CPU
		Release|Any CPU = Release|Any CPU
	EndGlobalSection
	GlobalSection(ProjectConfigurationPlatforms) = postSolution
		{3F63A817-D6CC-44D5-91C6-57435770789D}.Debug|Any CPU.ActiveCfg = Debug|Any CPU
		{3F63A817-D6CC-44D5-91C6-57435770789D}.Debug|Any CPU.Build.0 = Debug|Any CPU
		{3F63A817-D6CC-44D5-91C6-57435770789D}.Release|Any CPU.ActiveCfg = Release|Any CPU
		{3F63A817-D6CC-44D5-91C6-57435770789D}.Release|Any CPU.Build.0 = Release|Any CPU
		{589A269E-EDE7-4D90-B379-AC30764EBB5D}.Debug|Any CPU.ActiveCfg = Debug|Any CPU
		{589A269E-EDE7-4D90-B379-AC30764EBB5D}.Debug|Any CPU.Build.0 = Debug|Any CPU
		{589A269E-EDE7-4D90-B379-AC30764EBB5D}.Release|Any CPU.ActiveCfg = Release|Any CPU
		{589A269E-EDE7-4D90-B379-AC30764EBB5D}.Release|Any CPU.Build.0 = Release|Any CPU
	EndGlobalSection
	GlobalSection(SolutionProperties) = preSolution
		HideSolutionNode = FALSE
	EndGlobalSection
	GlobalSection(ExtensibilityGlobals) = postSolution
		SolutionGuid = {BB56CDC7-C499-449A-9C4E-007C0F33F120}
	EndGlobalSection
EndGlobal
